{
    __meta__ = {
        version = "1.0"
    },
    ["windows|x64"] = {
        ["cmake#f56260b5"] = {
            repo = {
                branch = "master",
                commit = "82466fe9815001a215d26b7c119bb223d757949d",
                url = "https://gitlab.com/tboox/xmake-repo.git"
            },
            version = "4.3.4"
        },
        ["directxmath 2024.02#f56260b5"] = {
            repo = {
                branch = "master",
                commit = "82466fe9815001a215d26b7c119bb223d757949d",
                url = "https://gitlab.com/tboox/xmake-repo.git"
            },
            version = "2024.02"
        },
        ["directxtk 24.2.0#f56260b5"] = {
            repo = {
                branch = "master",
                commit = "82466fe9815001a215d26b7c119bb223d757949d",
                url = "https://gitlab.com/tboox/xmake-repo.git"
            },
            version = "24.2.0"
        },
        ["ninja#f56260b5"] = {
            repo = {
                branch = "master",
                commit = "82466fe9815001a215d26b7c119bb223d757949d",
                url = "https://gitlab.com/tboox/xmake-repo.git"
            },
            version = "v1.13.2"
        },
        ["spdlog v1.16.0#09c8c173"] = {
            repo = {
                branch = "master",
                commit = "82466fe9815001a215d26b7c119bb223d757949d",
                url = "https://gitlab.com/tboox/xmake-repo.git"
            },
            version = "v1.16.0"
        }
    }
}